// !$*UTF8*$!
{
	archiveVersion = 1;
	classes = {
	};
	objectVersion = 46;
	objects = {

/* Begin PBXBuildFile section */
		AECA38231B9477B7009A9324 /* EstimoteSDK.framework in Frameworks */ = {isa = PBXBuildFile; fileRef = AECA38221B9477B7009A9324 /* EstimoteSDK.framework */; };
		AECA38461B95BC33009A9324 /* BeaconID.m in Sources */ = {isa = PBXBuildFile; fileRef = AECA38451B95BC33009A9324 /* BeaconID.m */; };
		AECA384A1B95C146009A9324 /* BeaconContentCache.m in Sources */ = {isa = PBXBuildFile; fileRef = AECA38491B95C146009A9324 /* BeaconContentCache.m */; };
		AECA384D1B95C4E6009A9324 /* EstimoteCloudBeaconDetails.m in Sources */ = {isa = PBXBuildFile; fileRef = AECA384C1B95C4E6009A9324 /* EstimoteCloudBeaconDetails.m */; };
		AECA38501B95C5E7009A9324 /* EstimoteCloudBeaconDetailsFactory.m in Sources */ = {isa = PBXBuildFile; fileRef = AECA384F1B95C5E7009A9324 /* EstimoteCloudBeaconDetailsFactory.m */; };
		AECA38531B95C91D009A9324 /* NearestBeaconManager.m in Sources */ = {isa = PBXBuildFile; fileRef = AECA38521B95C91D009A9324 /* NearestBeaconManager.m */; };
		AECA38561B95D59E009A9324 /* ProximityContentManager.m in Sources */ = {isa = PBXBuildFile; fileRef = AECA38551B95D59E009A9324 /* ProximityContentManager.m */; };
		AECF16921B0E0C0200CC83B2 /* main.m in Sources */ = {isa = PBXBuildFile; fileRef = AECF16911B0E0C0200CC83B2 /* main.m */; };
		AECF16951B0E0C0200CC83B2 /* AppDelegate.m in Sources */ = {isa = PBXBuildFile; fileRef = AECF16941B0E0C0200CC83B2 /* AppDelegate.m */; };
		AECF16981B0E0C0200CC83B2 /* ViewController.m in Sources */ = {isa = PBXBuildFile; fileRef = AECF16971B0E0C0200CC83B2 /* ViewController.m */; };
		AECF169B1B0E0C0200CC83B2 /* Main.storyboard in Resources */ = {isa = PBXBuildFile; fileRef = AECF16991B0E0C0200CC83B2 /* Main.storyboard */; };
		AECF169D1B0E0C0200CC83B2 /* Assets.xcassets in Resources */ = {isa = PBXBuildFile; fileRef = AECF169C1B0E0C0200CC83B2 /* Assets.xcassets */; };
		AEFD99631BC59AA600BC1771 /* LaunchScreen.storyboard in Resources */ = {isa = PBXBuildFile; fileRef = AEFD99611BC59AA600BC1771 /* LaunchScreen.storyboard */; };
		B8BCBB025380903BA4536B09 /* libPods.a in Frameworks */ = {isa = PBXBuildFile; fileRef = 4A3FB02BA07C895800E7FD21 /* libPods.a */; };
/* End PBXBuildFile section */

/* Begin PBXFileReference section */
		4A3FB02BA07C895800E7FD21 /* libPods.a */ = {isa = PBXFileReference; explicitFileType = archive.ar; includeInIndex = 0; path = libPods.a; sourceTree = BUILT_PRODUCTS_DIR; };
		AECA38221B9477B7009A9324 /* EstimoteSDK.framework */ = {isa = PBXFileReference; lastKnownFileType = wrapper.framework; path = EstimoteSDK.framework; sourceTree = "<group>"; };
		AECA38441B95BC33009A9324 /* BeaconID.h */ = {isa = PBXFileReference; fileEncoding = 4; lastKnownFileType = sourcecode.c.h; path = BeaconID.h; sourceTree = "<group>"; };
		AECA38451B95BC33009A9324 /* BeaconID.m */ = {isa = PBXFileReference; fileEncoding = 4; lastKnownFileType = sourcecode.c.objc; path = BeaconID.m; sourceTree = "<group>"; };
		AECA38471B95C06D009A9324 /* BeaconContentFactory.h */ = {isa = PBXFileReference; lastKnownFileType = sourcecode.c.h; path = BeaconContentFactory.h; sourceTree = "<group>"; };
		AECA38481B95C146009A9324 /* BeaconContentCache.h */ = {isa = PBXFileReference; fileEncoding = 4; lastKnownFileType = sourcecode.c.h; path = BeaconContentCache.h; sourceTree = "<group>"; };
		AECA38491B95C146009A9324 /* BeaconContentCache.m */ = {isa = PBXFileReference; fileEncoding = 4; lastKnownFileType = sourcecode.c.objc; path = BeaconContentCache.m; sourceTree = "<group>"; };
		AECA384B1B95C4E6009A9324 /* EstimoteCloudBeaconDetails.h */ = {isa = PBXFileReference; fileEncoding = 4; lastKnownFileType = sourcecode.c.h; path = EstimoteCloudBeaconDetails.h; sourceTree = "<group>"; };
		AECA384C1B95C4E6009A9324 /* EstimoteCloudBeaconDetails.m */ = {isa = PBXFileReference; fileEncoding = 4; lastKnownFileType = sourcecode.c.objc; path = EstimoteCloudBeaconDetails.m; sourceTree = "<group>"; };
		AECA384E1B95C5E7009A9324 /* EstimoteCloudBeaconDetailsFactory.h */ = {isa = PBXFileReference; fileEncoding = 4; lastKnownFileType = sourcecode.c.h; path = EstimoteCloudBeaconDetailsFactory.h; sourceTree = "<group>"; };
		AECA384F1B95C5E7009A9324 /* EstimoteCloudBeaconDetailsFactory.m */ = {isa = PBXFileReference; fileEncoding = 4; lastKnownFileType = sourcecode.c.objc; path = EstimoteCloudBeaconDetailsFactory.m; sourceTree = "<group>"; };
		AECA38511B95C91D009A9324 /* NearestBeaconManager.h */ = {isa = PBXFileReference; fileEncoding = 4; lastKnownFileType = sourcecode.c.h; path = NearestBeaconManager.h; sourceTree = "<group>"; };
		AECA38521B95C91D009A9324 /* NearestBeaconManager.m */ = {isa = PBXFileReference; fileEncoding = 4; lastKnownFileType = sourcecode.c.objc; path = NearestBeaconManager.m; sourceTree = "<group>"; };
		AECA38541B95D59E009A9324 /* ProximityContentManager.h */ = {isa = PBXFileReference; fileEncoding = 4; lastKnownFileType = sourcecode.c.h; path = ProximityContentManager.h; sourceTree = "<group>"; };
		AECA38551B95D59E009A9324 /* ProximityContentManager.m */ = {isa = PBXFileReference; fileEncoding = 4; lastKnownFileType = sourcecode.c.objc; path = ProximityContentManager.m; sourceTree = "<group>"; };
		AECF168C1B0E0C0200CC83B2 /* ProximityContentForMultK9C.app */ = {isa = PBXFileReference; explicitFileType = wrapper.application; includeInIndex = 0; path = ProximityContentForMultK9C.app; sourceTree = BUILT_PRODUCTS_DIR; };
		AECF16901B0E0C0200CC83B2 /* Info.plist */ = {isa = PBXFileReference; lastKnownFileType = text.plist.xml; path = Info.plist; sourceTree = "<group>"; };
		AECF16911B0E0C0200CC83B2 /* main.m */ = {isa = PBXFileReference; lastKnownFileType = sourcecode.c.objc; path = main.m; sourceTree = "<group>"; };
		AECF16931B0E0C0200CC83B2 /* AppDelegate.h */ = {isa = PBXFileReference; lastKnownFileType = sourcecode.c.h; path = AppDelegate.h; sourceTree = "<group>"; };
		AECF16941B0E0C0200CC83B2 /* AppDelegate.m */ = {isa = PBXFileReference; lastKnownFileType = sourcecode.c.objc; path = AppDelegate.m; sourceTree = "<group>"; };
		AECF16961B0E0C0200CC83B2 /* ViewController.h */ = {isa = PBXFileReference; lastKnownFileType = sourcecode.c.h; path = ViewController.h; sourceTree = "<group>"; };
		AECF16971B0E0C0200CC83B2 /* ViewController.m */ = {isa = PBXFileReference; lastKnownFileType = sourcecode.c.objc; path = ViewController.m; sourceTree = "<group>"; };
		AECF169A1B0E0C0200CC83B2 /* Base */ = {isa = PBXFileReference; lastKnownFileType = file.storyboard; name = Base; path = Base.lproj/Main.storyboard; sourceTree = "<group>"; };
		AECF169C1B0E0C0200CC83B2 /* Assets.xcassets */ = {isa = PBXFileReference; lastKnownFileType = folder.assetcatalog; path = Assets.xcassets; sourceTree = "<group>"; };
		AEFD99621BC59AA600BC1771 /* Base */ = {isa = PBXFileReference; lastKnownFileType = file.storyboard; name = Base; path = Base.lproj/LaunchScreen.storyboard; sourceTree = "<group>"; };
		F28FACE3CE6E4D28A08DCF99 /* Pods.debug.xcconfig */ = {isa = PBXFileReference; includeInIndex = 1; lastKnownFileType = text.xcconfig; name = Pods.debug.xcconfig; path = "Pods/Target Support Files/Pods/Pods.debug.xcconfig"; sourceTree = "<group>"; };
		FE3DC362090FB6F025B6E637 /* Pods.release.xcconfig */ = {isa = PBXFileReference; includeInIndex = 1; lastKnownFileType = text.xcconfig; name = Pods.release.xcconfig; path = "Pods/Target Support Files/Pods/Pods.release.xcconfig"; sourceTree = "<group>"; };
/* End PBXFileReference section */

/* Begin PBXFrameworksBuildPhase section */
		AECF16891B0E0C0200CC83B2 /* Frameworks */ = {
			isa = PBXFrameworksBuildPhase;
			buildActionMask = 2147483647;
			files = (
				AECA38231B9477B7009A9324 /* EstimoteSDK.framework in Frameworks */,
				B8BCBB025380903BA4536B09 /* libPods.a in Frameworks */,
			);
			runOnlyForDeploymentPostprocessing = 0;
		};
/* End PBXFrameworksBuildPhase section */

/* Begin PBXGroup section */
		2F6C26B3161D0D7BA7AB76F0 /* Frameworks */ = {
			isa = PBXGroup;
			children = (
				4A3FB02BA07C895800E7FD21 /* libPods.a */,
			);
			name = Frameworks;
			sourceTree = "<group>";
		};
		AECA38211B9477B7009A9324 /* Estimote */ = {
			isa = PBXGroup;
			children = (
				AECA38221B9477B7009A9324 /* EstimoteSDK.framework */,
				AECA38481B95C146009A9324 /* BeaconContentCache.h */,
				AECA38491B95C146009A9324 /* BeaconContentCache.m */,
				AECA38471B95C06D009A9324 /* BeaconContentFactory.h */,
				AECA38441B95BC33009A9324 /* BeaconID.h */,
				AECA38451B95BC33009A9324 /* BeaconID.m */,
				AECA384B1B95C4E6009A9324 /* EstimoteCloudBeaconDetails.h */,
				AECA384C1B95C4E6009A9324 /* EstimoteCloudBeaconDetails.m */,
				AECA384E1B95C5E7009A9324 /* EstimoteCloudBeaconDetailsFactory.h */,
				AECA384F1B95C5E7009A9324 /* EstimoteCloudBeaconDetailsFactory.m */,
				AECA38511B95C91D009A9324 /* NearestBeaconManager.h */,
				AECA38521B95C91D009A9324 /* NearestBeaconManager.m */,
				AECA38541B95D59E009A9324 /* ProximityContentManager.h */,
				AECA38551B95D59E009A9324 /* ProximityContentManager.m */,
			);
			path = Estimote;
			sourceTree = "<group>";
		};
		AECF16831B0E0C0200CC83B2 = {
			isa = PBXGroup;
			children = (
				AECF168E1B0E0C0200CC83B2 /* ProximityContentForMultK9C */,
				AECF168D1B0E0C0200CC83B2 /* Products */,
				C2E3034932BBC82E88485ED9 /* Pods */,
				2F6C26B3161D0D7BA7AB76F0 /* Frameworks */,
			);
			sourceTree = "<group>";
		};
		AECF168D1B0E0C0200CC83B2 /* Products */ = {
			isa = PBXGroup;
			children = (
				AECF168C1B0E0C0200CC83B2 /* ProximityContentForMultK9C.app */,
			);
			name = Products;
			sourceTree = "<group>";
		};
		AECF168E1B0E0C0200CC83B2 /* ProximityContentForMultK9C */ = {
			isa = PBXGroup;
			children = (
				AECF16931B0E0C0200CC83B2 /* AppDelegate.h */,
				AECF16941B0E0C0200CC83B2 /* AppDelegate.m */,
				AECF16961B0E0C0200CC83B2 /* ViewController.h */,
				AECF16971B0E0C0200CC83B2 /* ViewController.m */,
				AECF16991B0E0C0200CC83B2 /* Main.storyboard */,
				AECF169C1B0E0C0200CC83B2 /* Assets.xcassets */,
				AEFD99611BC59AA600BC1771 /* LaunchScreen.storyboard */,
				AECF16901B0E0C0200CC83B2 /* Info.plist */,
				AECF168F1B0E0C0200CC83B2 /* Supporting Files */,
				AECA38211B9477B7009A9324 /* Estimote */,
			);
			path = ProximityContentForMultK9C;
			sourceTree = "<group>";
		};
		AECF168F1B0E0C0200CC83B2 /* Supporting Files */ = {
			isa = PBXGroup;
			children = (
				AECF16911B0E0C0200CC83B2 /* main.m */,
			);
			name = "Supporting Files";
			sourceTree = "<group>";
		};
		C2E3034932BBC82E88485ED9 /* Pods */ = {
			isa = PBXGroup;
			children = (
				F28FACE3CE6E4D28A08DCF99 /* Pods.debug.xcconfig */,
				FE3DC362090FB6F025B6E637 /* Pods.release.xcconfig */,
			);
			name = Pods;
			sourceTree = "<group>";
		};
/* End PBXGroup section */

/* Begin PBXNativeTarget section */
		AECF168B1B0E0C0200CC83B2 /* ProximityContentForMultK9C */ = {
			isa = PBXNativeTarget;
			buildConfigurationList = AECF16AF1B0E0C0200CC83B2 /* Build configuration list for PBXNativeTarget "ProximityContentForMultK9C" */;
			buildPhases = (
				BD620640FB55DAEFE8620B39 /* Check Pods Manifest.lock */,
				AECF16881B0E0C0200CC83B2 /* Sources */,
				AECF16891B0E0C0200CC83B2 /* Frameworks */,
				AECF168A1B0E0C0200CC83B2 /* Resources */,
				5F4C6D6BDBA7BCC4C320C823 /* Embed Pods Frameworks */,
				77EAEFF831F7A97E23CD5B0B /* Copy Pods Resources */,
			);
			buildRules = (
			);
			dependencies = (
			);
			name = ProximityContentForMultK9C;
			productName = ProximityContentForMultK9C;
			productReference = AECF168C1B0E0C0200CC83B2 /* ProximityContentForMultK9C.app */;
			productType = "com.apple.product-type.application";
		};
/* End PBXNativeTarget section */

/* Begin PBXProject section */
		AECF16841B0E0C0200CC83B2 /* Project object */ = {
			isa = PBXProject;
			attributes = {
				LastUpgradeCheck = 0700;
				ORGANIZATIONNAME = "";
				TargetAttributes = {
					AECF168B1B0E0C0200CC83B2 = {
						CreatedOnToolsVersion = 6.3.2;
						DevelopmentTeam = 39B852PNMH;
					};
				};
			};
			buildConfigurationList = AECF16871B0E0C0200CC83B2 /* Build configuration list for PBXProject "ProximityContentForMultK9C" */;
			compatibilityVersion = "Xcode 3.2";
			developmentRegion = English;
			hasScannedForEncodings = 0;
			knownRegions = (
				en,
				Base,
			);
			mainGroup = AECF16831B0E0C0200CC83B2;
			productRefGroup = AECF168D1B0E0C0200CC83B2 /* Products */;
			projectDirPath = "";
			projectRoot = "";
			targets = (
				AECF168B1B0E0C0200CC83B2 /* ProximityContentForMultK9C */,
			);
		};
/* End PBXProject section */

/* Begin PBXResourcesBuildPhase section */
		AECF168A1B0E0C0200CC83B2 /* Resources */ = {
			isa = PBXResourcesBuildPhase;
			buildActionMask = 2147483647;
			files = (
				AEFD99631BC59AA600BC1771 /* LaunchScreen.storyboard in Resources */,
				AECF169B1B0E0C0200CC83B2 /* Main.storyboard in Resources */,
				AECF169D1B0E0C0200CC83B2 /* Assets.xcassets in Resources */,
			);
			runOnlyForDeploymentPostprocessing = 0;
		};
/* End PBXResourcesBuildPhase section */

/* Begin PBXShellScriptBuildPhase section */
		5F4C6D6BDBA7BCC4C320C823 /* Embed Pods Frameworks */ = {
			isa = PBXShellScriptBuildPhase;
			buildActionMask = 2147483647;
			files = (
			);
			inputPaths = (
			);
			name = "Embed Pods Frameworks";
			outputPaths = (
			);
			runOnlyForDeploymentPostprocessing = 0;
			shellPath = /bin/sh;
			shellScript = "\"${SRCROOT}/Pods/Target Support Files/Pods/Pods-frameworks.sh\"\n";
			showEnvVarsInLog = 0;
		};
		77EAEFF831F7A97E23CD5B0B /* Copy Pods Resources */ = {
			isa = PBXShellScriptBuildPhase;
			buildActionMask = 2147483647;
			files = (
			);
			inputPaths = (
			);
			name = "Copy Pods Resources";
			outputPaths = (
			);
			runOnlyForDeploymentPostprocessing = 0;
			shellPath = /bin/sh;
			shellScript = "\"${SRCROOT}/Pods/Target Support Files/Pods/Pods-resources.sh\"\n";
			showEnvVarsInLog = 0;
		};
		BD620640FB55DAEFE8620B39 /* Check Pods Manifest.lock */ = {
			isa = PBXShellScriptBuildPhase;
			buildActionMask = 2147483647;
			files = (
			);
			inputPaths = (
			);
			name = "Check Pods Manifest.lock";
			outputPaths = (
			);
			runOnlyForDeploymentPostprocessing = 0;
			shellPath = /bin/sh;
			shellScript = "diff \"${PODS_ROOT}/../Podfile.lock\" \"${PODS_ROOT}/Manifest.lock\" > /dev/null\nif [[ $? != 0 ]] ; then\n    cat << EOM\nerror: The sandbox is not in sync with the Podfile.lock. Run 'pod install' or update your CocoaPods installation.\nEOM\n    exit 1\nfi\n";
			showEnvVarsInLog = 0;
		};
/* End PBXShellScriptBuildPhase section */

/* Begin PBXSourcesBuildPhase section */
		AECF16881B0E0C0200CC83B2 /* Sources */ = {
			isa = PBXSourcesBuildPhase;
			buildActionMask = 2147483647;
			files = (
				AECF16981B0E0C0200CC83B2 /* ViewController.m in Sources */,
				AECF16951B0E0C0200CC83B2 /* AppDelegate.m in Sources */,
				AECA38501B95C5E7009A9324 /* EstimoteCloudBeaconDetailsFactory.m in Sources */,
				AECA384A1B95C146009A9324 /* BeaconContentCache.m in Sources */,
				AECA38461B95BC33009A9324 /* BeaconID.m in Sources */,
				AECA38561B95D59E009A9324 /* ProximityContentManager.m in Sources */,
				AECA384D1B95C4E6009A9324 /* EstimoteCloudBeaconDetails.m in Sources */,
				AECA38531B95C91D009A9324 /* NearestBeaconManager.m in Sources */,
				AECF16921B0E0C0200CC83B2 /* main.m in Sources */,
			);
			runOnlyForDeploymentPostprocessing = 0;
		};
/* End PBXSourcesBuildPhase section */

/* Begin PBXVariantGroup section */
		AECF16991B0E0C0200CC83B2 /* Main.storyboard */ = {
			isa = PBXVariantGroup;
			children = (
				AECF169A1B0E0C0200CC83B2 /* Base */,
			);
			name = Main.storyboard;
			sourceTree = "<group>";
		};
		AEFD99611BC59AA600BC1771 /* LaunchScreen.storyboard */ = {
			isa = PBXVariantGroup;
			children = (
				AEFD99621BC59AA600BC1771 /* Base */,
			);
			name = LaunchScreen.storyboard;
			sourceTree = "<group>";
		};
/* End PBXVariantGroup section */

/* Begin XCBuildConfiguration section */
		AECF16AD1B0E0C0200CC83B2 /* Debug */ = {
			isa = XCBuildConfiguration;
			buildSettings = {
				ALWAYS_SEARCH_USER_PATHS = NO;
				CLANG_CXX_LANGUAGE_STANDARD = "gnu++0x";
				CLANG_CXX_LIBRARY = "libc++";
				CLANG_ENABLE_MODULES = YES;
				CLANG_ENABLE_OBJC_ARC = YES;
				CLANG_WARN_BOOL_CONVERSION = YES;
				CLANG_WARN_CONSTANT_CONVERSION = YES;
				CLANG_WARN_DIRECT_OBJC_ISA_USAGE = YES_ERROR;
				CLANG_WARN_EMPTY_BODY = YES;
				CLANG_WARN_ENUM_CONVERSION = YES;
				CLANG_WARN_INT_CONVERSION = YES;
				CLANG_WARN_OBJC_ROOT_CLASS = YES_ERROR;
				CLANG_WARN_UNREACHABLE_CODE = YES;
				CLANG_WARN__DUPLICATE_METHOD_MATCH = YES;
				"CODE_SIGN_IDENTITY[sdk=iphoneos*]" = "iPhone Developer";
				COPY_PHASE_STRIP = NO;
				DEBUG_INFORMATION_FORMAT = dwarf;
				ENABLE_STRICT_OBJC_MSGSEND = YES;
				ENABLE_TESTABILITY = YES;
				GCC_C_LANGUAGE_STANDARD = gnu99;
				GCC_DYNAMIC_NO_PIC = NO;
				GCC_NO_COMMON_BLOCKS = YES;
				GCC_OPTIMIZATION_LEVEL = 0;
				GCC_PREPROCESSOR_DEFINITIONS = (
					"DEBUG=1",
					"$(inherited)",
				);
				GCC_WARN_64_TO_32_BIT_CONVERSION = YES;
				GCC_WARN_ABOUT_RETURN_TYPE = YES_ERROR;
				GCC_WARN_UNDECLARED_SELECTOR = YES;
				GCC_WARN_UNINITIALIZED_AUTOS = YES_AGGRESSIVE;
				GCC_WARN_UNUSED_FUNCTION = YES;
				GCC_WARN_UNUSED_VARIABLE = YES;
				IPHONEOS_DEPLOYMENT_TARGET = 8.0;
				MTL_ENABLE_DEBUG_INFO = YES;
				ONLY_ACTIVE_ARCH = YES;
				SDKROOT = iphoneos;
				TARGETED_DEVICE_FAMILY = "1,2";
			};
			name = Debug;
		};
		AECF16AE1B0E0C0200CC83B2 /* Release */ = {
			isa = XCBuildConfiguration;
			buildSettings = {
				ALWAYS_SEARCH_USER_PATHS = NO;
				CLANG_CXX_LANGUAGE_STANDARD = "gnu++0x";
				CLANG_CXX_LIBRARY = "libc++";
				CLANG_ENABLE_MODULES = YES;
				CLANG_ENABLE_OBJC_ARC = YES;
				CLANG_WARN_BOOL_CONVERSION = YES;
				CLANG_WARN_CONSTANT_CONVERSION = YES;
				CLANG_WARN_DIRECT_OBJC_ISA_USAGE = YES_ERROR;
				CLANG_WARN_EMPTY_BODY = YES;
				CLANG_WARN_ENUM_CONVERSION = YES;
				CLANG_WARN_INT_CONVERSION = YES;
				CLANG_WARN_OBJC_ROOT_CLASS = YES_ERROR;
				CLANG_WARN_UNREACHABLE_CODE = YES;
				CLANG_WARN__DUPLICATE_METHOD_MATCH = YES;
				"CODE_SIGN_IDENTITY[sdk=iphoneos*]" = "iPhone Developer";
				COPY_PHASE_STRIP = NO;
				DEBUG_INFORMATION_FORMAT = "dwarf-with-dsym";
				ENABLE_NS_ASSERTIONS = NO;
				ENABLE_STRICT_OBJC_MSGSEND = YES;
				GCC_C_LANGUAGE_STANDARD = gnu99;
				GCC_NO_COMMON_BLOCKS = YES;
				GCC_WARN_64_TO_32_BIT_CONVERSION = YES;
				GCC_WARN_ABOUT_RETURN_TYPE = YES_ERROR;
				GCC_WARN_UNDECLARED_SELECTOR = YES;
				GCC_WARN_UNINITIALIZED_AUTOS = YES_AGGRESSIVE;
				GCC_WARN_UNUSED_FUNCTION = YES;
				GCC_WARN_UNUSED_VARIABLE = YES;
				IPHONEOS_DEPLOYMENT_TARGET = 8.0;
				MTL_ENABLE_DEBUG_INFO = NO;
				SDKROOT = iphoneos;
				TARGETED_DEVICE_FAMILY = "1,2";
				VALIDATE_PRODUCT = YES;
			};
			name = Release;
		};
		AECF16B01B0E0C0200CC83B2 /* Debug */ = {
			isa = XCBuildConfiguration;
			baseConfigurationReference = F28FACE3CE6E4D28A08DCF99 /* Pods.debug.xcconfig */;
			buildSettings = {
				ASSETCATALOG_COMPILER_APPICON_NAME = AppIcon;
				CLANG_ENABLE_MODULES = YES;
				CODE_SIGN_IDENTITY = "iPhone Developer";
				"CODE_SIGN_IDENTITY[sdk=iphoneos9.2]" = "iPhone Developer";
				FRAMEWORK_SEARCH_PATHS = (
					"$(inherited)",
					"$(PROJECT_DIR)/ProximityContentForMultK9C/Estimote",
				);
				INFOPLIST_FILE = ProximityContentForMultK9C/Info.plist;
				IPHONEOS_DEPLOYMENT_TARGET = 9.2;
				LD_RUNPATH_SEARCH_PATHS = "$(inherited) @executable_path/Frameworks";
				PRODUCT_BUNDLE_IDENTIFIER = com.RezapiriGmailComas1.ProximityContentForMultK9C;
				PRODUCT_NAME = "$(TARGET_NAME)";
				PROVISIONING_PROFILE = "";
				SWIFT_OPTIMIZATION_LEVEL = "-Onone";
			};
			name = Debug;
		};
		AECF16B11B0E0C0200CC83B2 /* Release */ = {
			isa = XCBuildConfiguration;
			baseConfigurationReference = FE3DC362090FB6F025B6E637 /* Pods.release.xcconfig */;
			buildSettings = {
				ASSETCATALOG_COMPILER_APPICON_NAME = AppIcon;
				CLANG_ENABLE_MODULES = YES;
				CODE_SIGN_IDENTITY = "iPhone Developer";
				"CODE_SIGN_IDENTITY[sdk=iphoneos9.2]" = "iPhone Developer";
				FRAMEWORK_SEARCH_PATHS = (
					"$(inherited)",
					"$(PROJECT_DIR)/ProximityContentForMultK9C/Estimote",
				);
				INFOPLIST_FILE = ProximityContentForMultK9C/Info.plist;
				IPHONEOS_DEPLOYMENT_TARGET = 9.2;
				LD_RUNPATH_SEARCH_PATHS = "$(inherited) @executable_path/Frameworks";
				PRODUCT_BUNDLE_IDENTIFIER = com.RezapiriGmailComas1.ProximityContentForMultK9C;
				PRODUCT_NAME = "$(TARGET_NAME)";
				PROVISIONING_PROFILE = "";
			};
			name = Release;
		};
/* End XCBuildConfiguration section */

/* Begin XCConfigurationList section */
		AECF16871B0E0C0200CC83B2 /* Build configuration list for PBXProject "ProximityContentForMultK9C" */ = {
			isa = XCConfigurationList;
			buildConfigurations = (
				AECF16AD1B0E0C0200CC83B2 /* Debug */,
				AECF16AE1B0E0C0200CC83B2 /* Release */,
			);
			defaultConfigurationIsVisible = 0;
			defaultConfigurationName = Release;
		};
		AECF16AF1B0E0C0200CC83B2 /* Build configuration list for PBXNativeTarget "ProximityContentForMultK9C" */ = {
			isa = XCConfigurationList;
			buildConfigurations = (
				AECF16B01B0E0C0200CC83B2 /* Debug */,
				AECF16B11B0E0C0200CC83B2 /* Release */,
			);
			defaultConfigurationIsVisible = 0;
			defaultConfigurationName = Release;
		};
/* End XCConfigurationList section */
	};
	rootObject = AECF16841B0E0C0200CC83B2 /* Project object */;
}
